
Microsoft Visual Studio Solution File, Format Version 11.00
# Visual Studio 2010
Project("{FAE04EC0-301F-11D3-BF4B-00C04F79EFBC}") = "DontGoToPrison", "Assembly-CSharp.csproj", "{000BB2C0-3EFE-9C58-49F7-767B6EACF234}"
EndProject
Global
	GlobalSection(SolutionConfigurationPlatforms) = preSolution
		Debug|Any CPU = Debug|Any CPU
		Release|Any CPU = Release|Any CPU
	EndGlobalSection
	GlobalSection(ProjectConfigurationPlatforms) = postSolution
		{000BB2C0-3EFE-9C58-49F7-767B6EACF234}.Debug|Any CPU.ActiveCfg = Debug|Any CPU
		{000BB2C0-3EFE-9C58-49F7-767B6EACF234}.Debug|Any CPU.Build.0 = Debug|Any CPU
		{000BB2C0-3EFE-9C58-49F7-767B6EACF234}.Release|Any CPU.ActiveCfg = Release|Any CPU
		{000BB2C0-3EFE-9C58-49F7-767B6EACF234}.Release|Any CPU.Build.0 = Release|Any CPU
	EndGlobalSection
	GlobalSection(SolutionProperties) = preSolution
		HideSolutionNode = FALSE
	EndGlobalSection
	GlobalSection(MonoDevelopProperties) = preSolution
		StartupItem = Assembly-CSharp.csproj
	EndGlobalSection
EndGlobal
